
Microsoft Visual Studio Solution File, Format Version 12.00
# Visual Studio 15
VisualStudioVersion = 15.0.28307.136
MinimumVisualStudioVersion = 10.0.40219.1
Project("{FAE04EC0-301F-11D3-BF4B-00C04F79EFBC}") = "HealthyDream", "HealthyDream\HealthyDream.csproj", "{4E41E158-3F04-48AE-A159-9E105C0990F0}"
EndProject
Project("{2150E333-8FDC-42A3-9474-1A3956D46DE8}") = "Mobile", "Mobile", "{5AF6BE52-B4E0-4C08-A69E-DEA58C429D64}"
EndProject
Project("{FAE04EC0-301F-11D3-BF4B-00C04F79EFBC}") = "DreamMobile.Android", "DreamMobile\DreamMobile.Android\DreamMobile.Android.csproj", "{85F07D43-0869-4D8A-AE51-B879CE630FE5}"
EndProject
Project("{FAE04EC0-301F-11D3-BF4B-00C04F79EFBC}") = "DreamMobile.iOS", "DreamMobile\DreamMobile.iOS\DreamMobile.iOS.csproj", "{B7B853D9-88CC-4187-A775-1D7D28882527}"
EndProject
Project("{FAE04EC0-301F-11D3-BF4B-00C04F79EFBC}") = "DreamMobile.UWP", "DreamMobile\DreamMobile.UWP\DreamMobile.UWP.csproj", "{B8DE586B-8E58-467B-96AD-679D62C8E2E8}"
EndProject
Project("{FAE04EC0-301F-11D3-BF4B-00C04F79EFBC}") = "DreamMobile", "DreamMobile\DreamMobile\DreamMobile.csproj", "{724F2BCE-2B96-41F7-B81E-3C1A153520A1}"
EndProject
Global
	GlobalSection(SolutionConfigurationPlatforms) = preSolution
		Ad-Hoc|Any CPU = Ad-Hoc|Any CPU
		Ad-Hoc|ARM = Ad-Hoc|ARM
		Ad-Hoc|iPhone = Ad-Hoc|iPhone
		Ad-Hoc|iPhoneSimulator = Ad-Hoc|iPhoneSimulator
		Ad-Hoc|x64 = Ad-Hoc|x64
		Ad-Hoc|x86 = Ad-Hoc|x86
		AppStore|Any CPU = AppStore|Any CPU
		AppStore|ARM = AppStore|ARM
		AppStore|iPhone = AppStore|iPhone
		AppStore|iPhoneSimulator = AppStore|iPhoneSimulator
		AppStore|x64 = AppStore|x64
		AppStore|x86 = AppStore|x86
		Debug|Any CPU = Debug|Any CPU
		Debug|ARM = Debug|ARM
		Debug|iPhone = Debug|iPhone
		Debug|iPhoneSimulator = Debug|iPhoneSimulator
		Debug|x64 = Debug|x64
		Debug|x86 = Debug|x86
		Release|Any CPU = Release|Any CPU
		Release|ARM = Release|ARM
		Release|iPhone = Release|iPhone
		Release|iPhoneSimulator = Release|iPhoneSimulator
		Release|x64 = Release|x64
		Release|x86 = Release|x86
	EndGlobalSection
	GlobalSection(ProjectConfigurationPlatforms) = postSolution
		{4E41E158-3F04-48AE-A159-9E105C0990F0}.Ad-Hoc|Any CPU.ActiveCfg = Release|Any CPU
		{4E41E158-3F04-48AE-A159-9E105C0990F0}.Ad-Hoc|Any CPU.Build.0 = Release|Any CPU
		{4E41E158-3F04-48AE-A159-9E105C0990F0}.Ad-Hoc|ARM.ActiveCfg = Debug|Any CPU
		{4E41E158-3F04-48AE-A159-9E105C0990F0}.Ad-Hoc|ARM.Build.0 = Debug|Any CPU
		{4E41E158-3F04-48AE-A159-9E105C0990F0}.Ad-Hoc|iPhone.ActiveCfg = Release|Any CPU
		{4E41E158-3F04-48AE-A159-9E105C0990F0}.Ad-Hoc|iPhone.Build.0 = Release|Any CPU
		{4E41E158-3F04-48AE-A159-9E105C0990F0}.Ad-Hoc|iPhoneSimulator.ActiveCfg = Release|Any CPU
		{4E41E158-3F04-48AE-A159-9E105C0990F0}.Ad-Hoc|iPhoneSimulator.Build.0 = Release|Any CPU
		{4E41E158-3F04-48AE-A159-9E105C0990F0}.Ad-Hoc|x64.ActiveCfg = Release|x64
		{4E41E158-3F04-48AE-A159-9E105C0990F0}.Ad-Hoc|x64.Build.0 = Release|x64
		{4E41E158-3F04-48AE-A159-9E105C0990F0}.Ad-Hoc|x86.ActiveCfg = Debug|Any CPU
		{4E41E158-3F04-48AE-A159-9E105C0990F0}.Ad-Hoc|x86.Build.0 = Debug|Any CPU
		{4E41E158-3F04-48AE-A159-9E105C0990F0}.AppStore|Any CPU.ActiveCfg = Release|Any CPU
		{4E41E158-3F04-48AE-A159-9E105C0990F0}.AppStore|Any CPU.Build.0 = Release|Any CPU
		{4E41E158-3F04-48AE-A159-9E105C0990F0}.AppStore|ARM.ActiveCfg = Debug|Any CPU
		{4E41E158-3F04-48AE-A159-9E105C0990F0}.AppStore|ARM.Build.0 = Debug|Any CPU
		{4E41E158-3F04-48AE-A159-9E105C0990F0}.AppStore|iPhone.ActiveCfg = Release|Any CPU
		{4E41E158-3F04-48AE-A159-9E105C0990F0}.AppStore|iPhone.Build.0 = Release|Any CPU
		{4E41E158-3F04-48AE-A159-9E105C0990F0}.AppStore|iPhoneSimulator.ActiveCfg = Release|Any CPU
		{4E41E158-3F04-48AE-A159-9E105C0990F0}.AppStore|iPhoneSimulator.Build.0 = Release|Any CPU
		{4E41E158-3F04-48AE-A159-9E105C0990F0}.AppStore|x64.ActiveCfg = Release|x64
		{4E41E158-3F04-48AE-A159-9E105C0990F0}.AppStore|x64.Build.0 = Release|x64
		{4E41E158-3F04-48AE-A159-9E105C0990F0}.AppStore|x86.ActiveCfg = Debug|Any CPU
		{4E41E158-3F04-48AE-A159-9E105C0990F0}.AppStore|x86.Build.0 = Debug|Any CPU
		{4E41E158-3F04-48AE-A159-9E105C0990F0}.Debug|Any CPU.ActiveCfg = Debug|Any CPU
		{4E41E158-3F04-48AE-A159-9E105C0990F0}.Debug|Any CPU.Build.0 = Debug|Any CPU
		{4E41E158-3F04-48AE-A159-9E105C0990F0}.Debug|ARM.ActiveCfg = Debug|Any CPU
		{4E41E158-3F04-48AE-A159-9E105C0990F0}.Debug|ARM.Build.0 = Debug|Any CPU
		{4E41E158-3F04-48AE-A159-9E105C0990F0}.Debug|iPhone.ActiveCfg = Debug|Any CPU
		{4E41E158-3F04-48AE-A159-9E105C0990F0}.Debug|iPhone.Build.0 = Debug|Any CPU
		{4E41E158-3F04-48AE-A159-9E105C0990F0}.Debug|iPhoneSimulator.ActiveCfg = Debug|Any CPU
		{4E41E158-3F04-48AE-A159-9E105C0990F0}.Debug|iPhoneSimulator.Build.0 = Debug|Any CPU
		{4E41E158-3F04-48AE-A159-9E105C0990F0}.Debug|x64.ActiveCfg = Debug|x64
		{4E41E158-3F04-48AE-A159-9E105C0990F0}.Debug|x64.Build.0 = Debug|x64
		{4E41E158-3F04-48AE-A159-9E105C0990F0}.Debug|x86.ActiveCfg = Debug|Any CPU
		{4E41E158-3F04-48AE-A159-9E105C0990F0}.Debug|x86.Build.0 = Debug|Any CPU
		{4E41E158-3F04-48AE-A159-9E105C0990F0}.Release|Any CPU.ActiveCfg = Release|Any CPU
		{4E41E158-3F04-48AE-A159-9E105C0990F0}.Release|Any CPU.Build.0 = Release|Any CPU
		{4E41E158-3F04-48AE-A159-9E105C0990F0}.Release|ARM.ActiveCfg = Release|Any CPU
		{4E41E158-3F04-48AE-A159-9E105C0990F0}.Release|ARM.Build.0 = Release|Any CPU
		{4E41E158-3F04-48AE-A159-9E105C0990F0}.Release|iPhone.ActiveCfg = Release|Any CPU
		{4E41E158-3F04-48AE-A159-9E105C0990F0}.Release|iPhone.Build.0 = Release|Any CPU
		{4E41E158-3F04-48AE-A159-9E105C0990F0}.Release|iPhoneSimulator.ActiveCfg = Release|Any CPU
		{4E41E158-3F04-48AE-A159-9E105C0990F0}.Release|iPhoneSimulator.Build.0 = Release|Any CPU
		{4E41E158-3F04-48AE-A159-9E105C0990F0}.Release|x64.ActiveCfg = Release|x64
		{4E41E158-3F04-48AE-A159-9E105C0990F0}.Release|x64.Build.0 = Release|x64
		{4E41E158-3F04-48AE-A159-9E105C0990F0}.Release|x86.ActiveCfg = Release|Any CPU
		{4E41E158-3F04-48AE-A159-9E105C0990F0}.Release|x86.Build.0 = Release|Any CPU
		{85F07D43-0869-4D8A-AE51-B879CE630FE5}.Ad-Hoc|Any CPU.ActiveCfg = Release|Any CPU
		{85F07D43-0869-4D8A-AE51-B879CE630FE5}.Ad-Hoc|Any CPU.Build.0 = Release|Any CPU
		{85F07D43-0869-4D8A-AE51-B879CE630FE5}.Ad-Hoc|Any CPU.Deploy.0 = Release|Any CPU
		{85F07D43-0869-4D8A-AE51-B879CE630FE5}.Ad-Hoc|ARM.ActiveCfg = Release|Any CPU
		{85F07D43-0869-4D8A-AE51-B879CE630FE5}.Ad-Hoc|ARM.Build.0 = Release|Any CPU
		{85F07D43-0869-4D8A-AE51-B879CE630FE5}.Ad-Hoc|ARM.Deploy.0 = Release|Any CPU
		{85F07D43-0869-4D8A-AE51-B879CE630FE5}.Ad-Hoc|iPhone.ActiveCfg = Release|Any CPU
		{85F07D43-0869-4D8A-AE51-B879CE630FE5}.Ad-Hoc|iPhone.Build.0 = Release|Any CPU
		{85F07D43-0869-4D8A-AE51-B879CE630FE5}.Ad-Hoc|iPhone.Deploy.0 = Release|Any CPU
		{85F07D43-0869-4D8A-AE51-B879CE630FE5}.Ad-Hoc|iPhoneSimulator.ActiveCfg = Release|Any CPU
		{85F07D43-0869-4D8A-AE51-B879CE630FE5}.Ad-Hoc|iPhoneSimulator.Build.0 = Release|Any CPU
		{85F07D43-0869-4D8A-AE51-B879CE630FE5}.Ad-Hoc|iPhoneSimulator.Deploy.0 = Release|Any CPU
		{85F07D43-0869-4D8A-AE51-B879CE630FE5}.Ad-Hoc|x64.ActiveCfg = Release|Any CPU
		{85F07D43-0869-4D8A-AE51-B879CE630FE5}.Ad-Hoc|x64.Build.0 = Release|Any CPU
		{85F07D43-0869-4D8A-AE51-B879CE630FE5}.Ad-Hoc|x64.Deploy.0 = Release|Any CPU
		{85F07D43-0869-4D8A-AE51-B879CE630FE5}.Ad-Hoc|x86.ActiveCfg = Release|Any CPU
		{85F07D43-0869-4D8A-AE51-B879CE630FE5}.Ad-Hoc|x86.Build.0 = Release|Any CPU
		{85F07D43-0869-4D8A-AE51-B879CE630FE5}.Ad-Hoc|x86.Deploy.0 = Release|Any CPU
		{85F07D43-0869-4D8A-AE51-B879CE630FE5}.AppStore|Any CPU.ActiveCfg = Release|Any CPU
		{85F07D43-0869-4D8A-AE51-B879CE630FE5}.AppStore|Any CPU.Build.0 = Release|Any CPU
		{85F07D43-0869-4D8A-AE51-B879CE630FE5}.AppStore|Any CPU.Deploy.0 = Release|Any CPU
		{85F07D43-0869-4D8A-AE51-B879CE630FE5}.AppStore|ARM.ActiveCfg = Release|Any CPU
		{85F07D43-0869-4D8A-AE51-B879CE630FE5}.AppStore|ARM.Build.0 = Release|Any CPU
		{85F07D43-0869-4D8A-AE51-B879CE630FE5}.AppStore|ARM.Deploy.0 = Release|Any CPU
		{85F07D43-0869-4D8A-AE51-B879CE630FE5}.AppStore|iPhone.ActiveCfg = Release|Any CPU
		{85F07D43-0869-4D8A-AE51-B879CE630FE5}.AppStore|iPhone.Build.0 = Release|Any CPU
		{85F07D43-0869-4D8A-AE51-B879CE630FE5}.AppStore|iPhone.Deploy.0 = Release|Any CPU
		{85F07D43-0869-4D8A-AE51-B879CE630FE5}.AppStore|iPhoneSimulator.ActiveCfg = Release|Any CPU
		{85F07D43-0869-4D8A-AE51-B879CE630FE5}.AppStore|iPhoneSimulator.Build.0 = Release|Any CPU
		{85F07D43-0869-4D8A-AE51-B879CE630FE5}.AppStore|iPhoneSimulator.Deploy.0 = Release|Any CPU
		{85F07D43-0869-4D8A-AE51-B879CE630FE5}.AppStore|x64.ActiveCfg = Release|Any CPU
		{85F07D43-0869-4D8A-AE51-B879CE630FE5}.AppStore|x64.Build.0 = Release|Any CPU
		{85F07D43-0869-4D8A-AE51-B879CE630FE5}.AppStore|x64.Deploy.0 = Release|Any CPU
		{85F07D43-0869-4D8A-AE51-B879CE630FE5}.AppStore|x86.ActiveCfg = Release|Any CPU
		{85F07D43-0869-4D8A-AE51-B879CE630FE5}.AppStore|x86.Build.0 = Release|Any CPU
		{85F07D43-0869-4D8A-AE51-B879CE630FE5}.AppStore|x86.Deploy.0 = Release|Any CPU
		{85F07D43-0869-4D8A-AE51-B879CE630FE5}.Debug|Any CPU.ActiveCfg = Debug|Any CPU
		{85F07D43-0869-4D8A-AE51-B879CE630FE5}.Debug|Any CPU.Build.0 = Debug|Any CPU
		{85F07D43-0869-4D8A-AE51-B879CE630FE5}.Debug|Any CPU.Deploy.0 = Debug|Any CPU
		{85F07D43-0869-4D8A-AE51-B879CE630FE5}.Debug|ARM.ActiveCfg = Debug|Any CPU
		{85F07D43-0869-4D8A-AE51-B879CE630FE5}.Debug|ARM.Build.0 = Debug|Any CPU
		{85F07D43-0869-4D8A-AE51-B879CE630FE5}.Debug|ARM.Deploy.0 = Debug|Any CPU
		{85F07D43-0869-4D8A-AE51-B879CE630FE5}.Debug|iPhone.ActiveCfg = Debug|Any CPU
		{85F07D43-0869-4D8A-AE51-B879CE630FE5}.Debug|iPhone.Build.0 = Debug|Any CPU
		{85F07D43-0869-4D8A-AE51-B879CE630FE5}.Debug|iPhone.Deploy.0 = Debug|Any CPU
		{85F07D43-0869-4D8A-AE51-B879CE630FE5}.Debug|iPhoneSimulator.ActiveCfg = Debug|Any CPU
		{85F07D43-0869-4D8A-AE51-B879CE630FE5}.Debug|iPhoneSimulator.Build.0 = Debug|Any CPU
		{85F07D43-0869-4D8A-AE51-B879CE630FE5}.Debug|iPhoneSimulator.Deploy.0 = Debug|Any CPU
		{85F07D43-0869-4D8A-AE51-B879CE630FE5}.Debug|x64.ActiveCfg = Debug|Any CPU
		{85F07D43-0869-4D8A-AE51-B879CE630FE5}.Debug|x64.Build.0 = Debug|Any CPU
		{85F07D43-0869-4D8A-AE51-B879CE630FE5}.Debug|x64.Deploy.0 = Debug|Any CPU
		{85F07D43-0869-4D8A-AE51-B879CE630FE5}.Debug|x86.ActiveCfg = Debug|Any CPU
		{85F07D43-0869-4D8A-AE51-B879CE630FE5}.Debug|x86.Build.0 = Debug|Any CPU
		{85F07D43-0869-4D8A-AE51-B879CE630FE5}.Debug|x86.Deploy.0 = Debug|Any CPU
		{85F07D43-0869-4D8A-AE51-B879CE630FE5}.Release|Any CPU.ActiveCfg = Release|Any CPU
		{85F07D43-0869-4D8A-AE51-B879CE630FE5}.Release|Any CPU.Build.0 = Release|Any CPU
		{85F07D43-0869-4D8A-AE51-B879CE630FE5}.Release|Any CPU.Deploy.0 = Release|Any CPU
		{85F07D43-0869-4D8A-AE51-B879CE630FE5}.Release|ARM.ActiveCfg = Release|Any CPU
		{85F07D43-0869-4D8A-AE51-B879CE630FE5}.Release|ARM.Build.0 = Release|Any CPU
		{85F07D43-0869-4D8A-AE51-B879CE630FE5}.Release|ARM.Deploy.0 = Release|Any CPU
		{85F07D43-0869-4D8A-AE51-B879CE630FE5}.Release|iPhone.ActiveCfg = Release|Any CPU
		{85F07D43-0869-4D8A-AE51-B879CE630FE5}.Release|iPhone.Build.0 = Release|Any CPU
		{85F07D43-0869-4D8A-AE51-B879CE630FE5}.Release|iPhone.Deploy.0 = Release|Any CPU
		{85F07D43-0869-4D8A-AE51-B879CE630FE5}.Release|iPhoneSimulator.ActiveCfg = Release|Any CPU
		{85F07D43-0869-4D8A-AE51-B879CE630FE5}.Release|iPhoneSimulator.Build.0 = Release|Any CPU
		{85F07D43-0869-4D8A-AE51-B879CE630FE5}.Release|iPhoneSimulator.Deploy.0 = Release|Any CPU
		{85F07D43-0869-4D8A-AE51-B879CE630FE5}.Release|x64.ActiveCfg = Release|Any CPU
		{85F07D43-0869-4D8A-AE51-B879CE630FE5}.Release|x64.Build.0 = Release|Any CPU
		{85F07D43-0869-4D8A-AE51-B879CE630FE5}.Release|x64.Deploy.0 = Release|Any CPU
		{85F07D43-0869-4D8A-AE51-B879CE630FE5}.Release|x86.ActiveCfg = Release|Any CPU
		{85F07D43-0869-4D8A-AE51-B879CE630FE5}.Release|x86.Build.0 = Release|Any CPU
		{85F07D43-0869-4D8A-AE51-B879CE630FE5}.Release|x86.Deploy.0 = Release|Any CPU
		{B7B853D9-88CC-4187-A775-1D7D28882527}.Ad-Hoc|Any CPU.ActiveCfg = Ad-Hoc|iPhone
		{B7B853D9-88CC-4187-A775-1D7D28882527}.Ad-Hoc|ARM.ActiveCfg = Ad-Hoc|iPhone
		{B7B853D9-88CC-4187-A775-1D7D28882527}.Ad-Hoc|iPhone.ActiveCfg = Ad-Hoc|iPhone
		{B7B853D9-88CC-4187-A775-1D7D28882527}.Ad-Hoc|iPhone.Build.0 = Ad-Hoc|iPhone
		{B7B853D9-88CC-4187-A775-1D7D28882527}.Ad-Hoc|iPhoneSimulator.ActiveCfg = Ad-Hoc|iPhoneSimulator
		{B7B853D9-88CC-4187-A775-1D7D28882527}.Ad-Hoc|iPhoneSimulator.Build.0 = Ad-Hoc|iPhoneSimulator
		{B7B853D9-88CC-4187-A775-1D7D28882527}.Ad-Hoc|x64.ActiveCfg = Ad-Hoc|iPhone
		{B7B853D9-88CC-4187-A775-1D7D28882527}.Ad-Hoc|x86.ActiveCfg = Ad-Hoc|iPhone
		{B7B853D9-88CC-4187-A775-1D7D28882527}.AppStore|Any CPU.ActiveCfg = AppStore|iPhone
		{B7B853D9-88CC-4187-A775-1D7D28882527}.AppStore|ARM.ActiveCfg = AppStore|iPhone
		{B7B853D9-88CC-4187-A775-1D7D28882527}.AppStore|iPhone.ActiveCfg = AppStore|iPhone
		{B7B853D9-88CC-4187-A775-1D7D28882527}.AppStore|iPhone.Build.0 = AppStore|iPhone
		{B7B853D9-88CC-4187-A775-1D7D28882527}.AppStore|iPhoneSimulator.ActiveCfg = AppStore|iPhoneSimulator
		{B7B853D9-88CC-4187-A775-1D7D28882527}.AppStore|iPhoneSimulator.Build.0 = AppStore|iPhoneSimulator
		{B7B853D9-88CC-4187-A775-1D7D28882527}.AppStore|x64.ActiveCfg = AppStore|iPhone
		{B7B853D9-88CC-4187-A775-1D7D28882527}.AppStore|x86.ActiveCfg = AppStore|iPhone
		{B7B853D9-88CC-4187-A775-1D7D28882527}.Debug|Any CPU.ActiveCfg = Debug|iPhone
		{B7B853D9-88CC-4187-A775-1D7D28882527}.Debug|ARM.ActiveCfg = Debug|iPhone
		{B7B853D9-88CC-4187-A775-1D7D28882527}.Debug|iPhone.ActiveCfg = Debug|iPhone
		{B7B853D9-88CC-4187-A775-1D7D28882527}.Debug|iPhone.Build.0 = Debug|iPhone
		{B7B853D9-88CC-4187-A775-1D7D28882527}.Debug|iPhoneSimulator.ActiveCfg = Debug|iPhoneSimulator
		{B7B853D9-88CC-4187-A775-1D7D28882527}.Debug|iPhoneSimulator.Build.0 = Debug|iPhoneSimulator
		{B7B853D9-88CC-4187-A775-1D7D28882527}.Debug|x64.ActiveCfg = Debug|iPhone
		{B7B853D9-88CC-4187-A775-1D7D28882527}.Debug|x86.ActiveCfg = Debug|iPhone
		{B7B853D9-88CC-4187-A775-1D7D28882527}.Release|Any CPU.ActiveCfg = Release|iPhone
		{B7B853D9-88CC-4187-A775-1D7D28882527}.Release|ARM.ActiveCfg = Release|iPhone
		{B7B853D9-88CC-4187-A775-1D7D28882527}.Release|iPhone.ActiveCfg = Release|iPhone
		{B7B853D9-88CC-4187-A775-1D7D28882527}.Release|iPhone.Build.0 = Release|iPhone
		{B7B853D9-88CC-4187-A775-1D7D28882527}.Release|iPhoneSimulator.ActiveCfg = Release|iPhoneSimulator
		{B7B853D9-88CC-4187-A775-1D7D28882527}.Release|iPhoneSimulator.Build.0 = Release|iPhoneSimulator
		{B7B853D9-88CC-4187-A775-1D7D28882527}.Release|x64.ActiveCfg = Release|iPhone
		{B7B853D9-88CC-4187-A775-1D7D28882527}.Release|x86.ActiveCfg = Release|iPhone
		{B8DE586B-8E58-467B-96AD-679D62C8E2E8}.Ad-Hoc|Any CPU.ActiveCfg = Release|x86
		{B8DE586B-8E58-467B-96AD-679D62C8E2E8}.Ad-Hoc|Any CPU.Build.0 = Release|x86
		{B8DE586B-8E58-467B-96AD-679D62C8E2E8}.Ad-Hoc|Any CPU.Deploy.0 = Release|x86
		{B8DE586B-8E58-467B-96AD-679D62C8E2E8}.Ad-Hoc|ARM.ActiveCfg = Release|ARM
		{B8DE586B-8E58-467B-96AD-679D62C8E2E8}.Ad-Hoc|ARM.Build.0 = Release|ARM
		{B8DE586B-8E58-467B-96AD-679D62C8E2E8}.Ad-Hoc|ARM.Deploy.0 = Release|ARM
		{B8DE586B-8E58-467B-96AD-679D62C8E2E8}.Ad-Hoc|iPhone.ActiveCfg = Release|x86
		{B8DE586B-8E58-467B-96AD-679D62C8E2E8}.Ad-Hoc|iPhone.Build.0 = Release|x86
		{B8DE586B-8E58-467B-96AD-679D62C8E2E8}.Ad-Hoc|iPhone.Deploy.0 = Release|x86
		{B8DE586B-8E58-467B-96AD-679D62C8E2E8}.Ad-Hoc|iPhoneSimulator.ActiveCfg = Release|x86
		{B8DE586B-8E58-467B-96AD-679D62C8E2E8}.Ad-Hoc|iPhoneSimulator.Build.0 = Release|x86
		{B8DE586B-8E58-467B-96AD-679D62C8E2E8}.Ad-Hoc|iPhoneSimulator.Deploy.0 = Release|x86
		{B8DE586B-8E58-467B-96AD-679D62C8E2E8}.Ad-Hoc|x64.ActiveCfg = Release|x64
		{B8DE586B-8E58-467B-96AD-679D62C8E2E8}.Ad-Hoc|x64.Build.0 = Release|x64
		{B8DE586B-8E58-467B-96AD-679D62C8E2E8}.Ad-Hoc|x64.Deploy.0 = Release|x64
		{B8DE586B-8E58-467B-96AD-679D62C8E2E8}.Ad-Hoc|x86.ActiveCfg = Release|x86
		{B8DE586B-8E58-467B-96AD-679D62C8E2E8}.Ad-Hoc|x86.Build.0 = Release|x86
		{B8DE586B-8E58-467B-96AD-679D62C8E2E8}.Ad-Hoc|x86.Deploy.0 = Release|x86
		{B8DE586B-8E58-467B-96AD-679D62C8E2E8}.AppStore|Any CPU.ActiveCfg = Release|x86
		{B8DE586B-8E58-467B-96AD-679D62C8E2E8}.AppStore|Any CPU.Build.0 = Release|x86
		{B8DE586B-8E58-467B-96AD-679D62C8E2E8}.AppStore|Any CPU.Deploy.0 = Release|x86
		{B8DE586B-8E58-467B-96AD-679D62C8E2E8}.AppStore|ARM.ActiveCfg = Release|ARM
		{B8DE586B-8E58-467B-96AD-679D62C8E2E8}.AppStore|ARM.Build.0 = Release|ARM
		{B8DE586B-8E58-467B-96AD-679D62C8E2E8}.AppStore|ARM.Deploy.0 = Release|ARM
		{B8DE586B-8E58-467B-96AD-679D62C8E2E8}.AppStore|iPhone.ActiveCfg = Release|x86
		{B8DE586B-8E58-467B-96AD-679D62C8E2E8}.AppStore|iPhone.Build.0 = Release|x86
		{B8DE586B-8E58-467B-96AD-679D62C8E2E8}.AppStore|iPhone.Deploy.0 = Release|x86
		{B8DE586B-8E58-467B-96AD-679D62C8E2E8}.AppStore|iPhoneSimulator.ActiveCfg = Release|x86
		{B8DE586B-8E58-467B-96AD-679D62C8E2E8}.AppStore|iPhoneSimulator.Build.0 = Release|x86
		{B8DE586B-8E58-467B-96AD-679D62C8E2E8}.AppStore|iPhoneSimulator.Deploy.0 = Release|x86
		{B8DE586B-8E58-467B-96AD-679D62C8E2E8}.AppStore|x64.ActiveCfg = Release|x64
		{B8DE586B-8E58-467B-96AD-679D62C8E2E8}.AppStore|x64.Build.0 = Release|x64
		{B8DE586B-8E58-467B-96AD-679D62C8E2E8}.AppStore|x64.Deploy.0 = Release|x64
		{B8DE586B-8E58-467B-96AD-679D62C8E2E8}.AppStore|x86.ActiveCfg = Release|x86
		{B8DE586B-8E58-467B-96AD-679D62C8E2E8}.AppStore|x86.Build.0 = Release|x86
		{B8DE586B-8E58-467B-96AD-679D62C8E2E8}.AppStore|x86.Deploy.0 = Release|x86
		{B8DE586B-8E58-467B-96AD-679D62C8E2E8}.Debug|Any CPU.ActiveCfg = Debug|x86
		{B8DE586B-8E58-467B-96AD-679D62C8E2E8}.Debug|ARM.ActiveCfg = Debug|ARM
		{B8DE586B-8E58-467B-96AD-679D62C8E2E8}.Debug|ARM.Build.0 = Debug|ARM
		{B8DE586B-8E58-467B-96AD-679D62C8E2E8}.Debug|ARM.Deploy.0 = Debug|ARM
		{B8DE586B-8E58-467B-96AD-679D62C8E2E8}.Debug|iPhone.ActiveCfg = Debug|x86
		{B8DE586B-8E58-467B-96AD-679D62C8E2E8}.Debug|iPhoneSimulator.ActiveCfg = Debug|x86
		{B8DE586B-8E58-467B-96AD-679D62C8E2E8}.Debug|x64.ActiveCfg = Debug|x64
		{B8DE586B-8E58-467B-96AD-679D62C8E2E8}.Debug|x64.Build.0 = Debug|x64
		{B8DE586B-8E58-467B-96AD-679D62C8E2E8}.Debug|x64.Deploy.0 = Debug|x64
		{B8DE586B-8E58-467B-96AD-679D62C8E2E8}.Debug|x86.ActiveCfg = Debug|x86
		{B8DE586B-8E58-467B-96AD-679D62C8E2E8}.Debug|x86.Build.0 = Debug|x86
		{B8DE586B-8E58-467B-96AD-679D62C8E2E8}.Debug|x86.Deploy.0 = Debug|x86
		{B8DE586B-8E58-467B-96AD-679D62C8E2E8}.Release|Any CPU.ActiveCfg = Release|x86
		{B8DE586B-8E58-467B-96AD-679D62C8E2E8}.Release|ARM.ActiveCfg = Release|ARM
		{B8DE586B-8E58-467B-96AD-679D62C8E2E8}.Release|ARM.Build.0 = Release|ARM
		{B8DE586B-8E58-467B-96AD-679D62C8E2E8}.Release|ARM.Deploy.0 = Release|ARM
		{B8DE586B-8E58-467B-96AD-679D62C8E2E8}.Release|iPhone.ActiveCfg = Release|x86
		{B8DE586B-8E58-467B-96AD-679D62C8E2E8}.Release|iPhoneSimulator.ActiveCfg = Release|x86
		{B8DE586B-8E58-467B-96AD-679D62C8E2E8}.Release|x64.ActiveCfg = Release|x64
		{B8DE586B-8E58-467B-96AD-679D62C8E2E8}.Release|x64.Build.0 = Release|x64
		{B8DE586B-8E58-467B-96AD-679D62C8E2E8}.Release|x64.Deploy.0 = Release|x64
		{B8DE586B-8E58-467B-96AD-679D62C8E2E8}.Release|x86.ActiveCfg = Release|x86
		{B8DE586B-8E58-467B-96AD-679D62C8E2E8}.Release|x86.Build.0 = Release|x86
		{B8DE586B-8E58-467B-96AD-679D62C8E2E8}.Release|x86.Deploy.0 = Release|x86
		{724F2BCE-2B96-41F7-B81E-3C1A153520A1}.Ad-Hoc|Any CPU.ActiveCfg = Debug|Any CPU
		{724F2BCE-2B96-41F7-B81E-3C1A153520A1}.Ad-Hoc|Any CPU.Build.0 = Debug|Any CPU
		{724F2BCE-2B96-41F7-B81E-3C1A153520A1}.Ad-Hoc|ARM.ActiveCfg = Debug|Any CPU
		{724F2BCE-2B96-41F7-B81E-3C1A153520A1}.Ad-Hoc|ARM.Build.0 = Debug|Any CPU
		{724F2BCE-2B96-41F7-B81E-3C1A153520A1}.Ad-Hoc|iPhone.ActiveCfg = Debug|Any CPU
		{724F2BCE-2B96-41F7-B81E-3C1A153520A1}.Ad-Hoc|iPhone.Build.0 = Debug|Any CPU
		{724F2BCE-2B96-41F7-B81E-3C1A153520A1}.Ad-Hoc|iPhoneSimulator.ActiveCfg = Debug|Any CPU
		{724F2BCE-2B96-41F7-B81E-3C1A153520A1}.Ad-Hoc|iPhoneSimulator.Build.0 = Debug|Any CPU
		{724F2BCE-2B96-41F7-B81E-3C1A153520A1}.Ad-Hoc|x64.ActiveCfg = Debug|Any CPU
		{724F2BCE-2B96-41F7-B81E-3C1A153520A1}.Ad-Hoc|x64.Build.0 = Debug|Any CPU
		{724F2BCE-2B96-41F7-B81E-3C1A153520A1}.Ad-Hoc|x86.ActiveCfg = Debug|Any CPU
		{724F2BCE-2B96-41F7-B81E-3C1A153520A1}.Ad-Hoc|x86.Build.0 = Debug|Any CPU
		{724F2BCE-2B96-41F7-B81E-3C1A153520A1}.AppStore|Any CPU.ActiveCfg = Debug|Any CPU
		{724F2BCE-2B96-41F7-B81E-3C1A153520A1}.AppStore|Any CPU.Build.0 = Debug|Any CPU
		{724F2BCE-2B96-41F7-B81E-3C1A153520A1}.AppStore|ARM.ActiveCfg = Debug|Any CPU
		{724F2BCE-2B96-41F7-B81E-3C1A153520A1}.AppStore|ARM.Build.0 = Debug|Any CPU
		{724F2BCE-2B96-41F7-B81E-3C1A153520A1}.AppStore|iPhone.ActiveCfg = Debug|Any CPU
		{724F2BCE-2B96-41F7-B81E-3C1A153520A1}.AppStore|iPhone.Build.0 = Debug|Any CPU
		{724F2BCE-2B96-41F7-B81E-3C1A153520A1}.AppStore|iPhoneSimulator.ActiveCfg = Debug|Any CPU
		{724F2BCE-2B96-41F7-B81E-3C1A153520A1}.AppStore|iPhoneSimulator.Build.0 = Debug|Any CPU
		{724F2BCE-2B96-41F7-B81E-3C1A153520A1}.AppStore|x64.ActiveCfg = Debug|Any CPU
		{724F2BCE-2B96-41F7-B81E-3C1A153520A1}.AppStore|x64.Build.0 = Debug|Any CPU
		{724F2BCE-2B96-41F7-B81E-3C1A153520A1}.AppStore|x86.ActiveCfg = Debug|Any CPU
		{724F2BCE-2B96-41F7-B81E-3C1A153520A1}.AppStore|x86.Build.0 = Debug|Any CPU
		{724F2BCE-2B96-41F7-B81E-3C1A153520A1}.Debug|Any CPU.ActiveCfg = Debug|Any CPU
		{724F2BCE-2B96-41F7-B81E-3C1A153520A1}.Debug|Any CPU.Build.0 = Debug|Any CPU
		{724F2BCE-2B96-41F7-B81E-3C1A153520A1}.Debug|ARM.ActiveCfg = Debug|Any CPU
		{724F2BCE-2B96-41F7-B81E-3C1A153520A1}.Debug|ARM.Build.0 = Debug|Any CPU
		{724F2BCE-2B96-41F7-B81E-3C1A153520A1}.Debug|iPhone.ActiveCfg = Debug|Any CPU
		{724F2BCE-2B96-41F7-B81E-3C1A153520A1}.Debug|iPhone.Build.0 = Debug|Any CPU
		{724F2BCE-2B96-41F7-B81E-3C1A153520A1}.Debug|iPhoneSimulator.ActiveCfg = Debug|Any CPU
		{724F2BCE-2B96-41F7-B81E-3C1A153520A1}.Debug|iPhoneSimulator.Build.0 = Debug|Any CPU
		{724F2BCE-2B96-41F7-B81E-3C1A153520A1}.Debug|x64.ActiveCfg = Debug|Any CPU
		{724F2BCE-2B96-41F7-B81E-3C1A153520A1}.Debug|x64.Build.0 = Debug|Any CPU
		{724F2BCE-2B96-41F7-B81E-3C1A153520A1}.Debug|x86.ActiveCfg = Debug|Any CPU
		{724F2BCE-2B96-41F7-B81E-3C1A153520A1}.Debug|x86.Build.0 = Debug|Any CPU
		{724F2BCE-2B96-41F7-B81E-3C1A153520A1}.Release|Any CPU.ActiveCfg = Release|Any CPU
		{724F2BCE-2B96-41F7-B81E-3C1A153520A1}.Release|Any CPU.Build.0 = Release|Any CPU
		{724F2BCE-2B96-41F7-B81E-3C1A153520A1}.Release|ARM.ActiveCfg = Release|Any CPU
		{724F2BCE-2B96-41F7-B81E-3C1A153520A1}.Release|ARM.Build.0 = Release|Any CPU
		{724F2BCE-2B96-41F7-B81E-3C1A153520A1}.Release|iPhone.ActiveCfg = Release|Any CPU
		{724F2BCE-2B96-41F7-B81E-3C1A153520A1}.Release|iPhone.Build.0 = Release|Any CPU
		{724F2BCE-2B96-41F7-B81E-3C1A153520A1}.Release|iPhoneSimulator.ActiveCfg = Release|Any CPU
		{724F2BCE-2B96-41F7-B81E-3C1A153520A1}.Release|iPhoneSimulator.Build.0 = Release|Any CPU
		{724F2BCE-2B96-41F7-B81E-3C1A153520A1}.Release|x64.ActiveCfg = Release|Any CPU
		{724F2BCE-2B96-41F7-B81E-3C1A153520A1}.Release|x64.Build.0 = Release|Any CPU
		{724F2BCE-2B96-41F7-B81E-3C1A153520A1}.Release|x86.ActiveCfg = Release|Any CPU
		{724F2BCE-2B96-41F7-B81E-3C1A153520A1}.Release|x86.Build.0 = Release|Any CPU
	EndGlobalSection
	GlobalSection(SolutionProperties) = preSolution
		HideSolutionNode = FALSE
	EndGlobalSection
	GlobalSection(NestedProjects) = preSolution
		{85F07D43-0869-4D8A-AE51-B879CE630FE5} = {5AF6BE52-B4E0-4C08-A69E-DEA58C429D64}
		{B7B853D9-88CC-4187-A775-1D7D28882527} = {5AF6BE52-B4E0-4C08-A69E-DEA58C429D64}
		{B8DE586B-8E58-467B-96AD-679D62C8E2E8} = {5AF6BE52-B4E0-4C08-A69E-DEA58C429D64}
		{724F2BCE-2B96-41F7-B81E-3C1A153520A1} = {5AF6BE52-B4E0-4C08-A69E-DEA58C429D64}
	EndGlobalSection
	GlobalSection(ExtensibilityGlobals) = postSolution
		SolutionGuid = {C2D0FDF1-0F2F-4FEC-8986-65DDD8C1C626}
	EndGlobalSection
EndGlobal
